// !$*UTF8*$!
{
	archiveVersion = 1;
	classes = {
	};
	objectVersion = 50;
	objects = {

/* Begin PBXBuildFile section */
		4FEFDCD5224DDC7900F3E3C3 /* AppDelegate.swift in Sources */ = {isa = PBXBuildFile; fileRef = 4FEFDCD4224DDC7900F3E3C3 /* AppDelegate.swift */; };
		4FEFDCD7224DDC7900F3E3C3 /* FirstViewController.swift in Sources */ = {isa = PBXBuildFile; fileRef = 4FEFDCD6224DDC7900F3E3C3 /* FirstViewController.swift */; };
		4FEFDCD9224DDC7900F3E3C3 /* SecondViewController.swift in Sources */ = {isa = PBXBuildFile; fileRef = 4FEFDCD8224DDC7900F3E3C3 /* SecondViewController.swift */; };
		4FEFDCDC224DDC7900F3E3C3 /* Main.storyboard in Resources */ = {isa = PBXBuildFile; fileRef = 4FEFDCDA224DDC7900F3E3C3 /* Main.storyboard */; };
		4FEFDCDE224DDC7B00F3E3C3 /* Assets.xcassets in Resources */ = {isa = PBXBuildFile; fileRef = 4FEFDCDD224DDC7B00F3E3C3 /* Assets.xcassets */; };
		4FEFDCE1224DDC7B00F3E3C3 /* LaunchScreen.storyboard in Resources */ = {isa = PBXBuildFile; fileRef = 4FEFDCDF224DDC7B00F3E3C3 /* LaunchScreen.storyboard */; };
		4FEFDCEC224DDC7B00F3E3C3 /* IOSAppTests.swift in Sources */ = {isa = PBXBuildFile; fileRef = 4FEFDCEB224DDC7B00F3E3C3 /* IOSAppTests.swift */; };
		4FEFDCF7224DECCC00F3E3C3 /* ThirdViewController.swift in Sources */ = {isa = PBXBuildFile; fileRef = 4FEFDCF6224DECCC00F3E3C3 /* ThirdViewController.swift */; };
		4FEFDCF9224DF2DA00F3E3C3 /* FourthViewController.swift in Sources */ = {isa = PBXBuildFile; fileRef = 4FEFDCF8224DF2DA00F3E3C3 /* FourthViewController.swift */; };
		4FEFDCFB224DFB3000F3E3C3 /* FifthViewController.swift in Sources */ = {isa = PBXBuildFile; fileRef = 4FEFDCFA224DFB3000F3E3C3 /* FifthViewController.swift */; };
		4FEFDCFD224E060400F3E3C3 /* SixthViewController.swift in Sources */ = {isa = PBXBuildFile; fileRef = 4FEFDCFC224E060400F3E3C3 /* SixthViewController.swift */; };
		4FEFDD03224F0FCE00F3E3C3 /* FirstTableViewController.swift in Sources */ = {isa = PBXBuildFile; fileRef = 4FEFDD02224F0FCE00F3E3C3 /* FirstTableViewController.swift */; };
		4FEFDD05225332DF00F3E3C3 /* GlobalVar.swift in Sources */ = {isa = PBXBuildFile; fileRef = 4FEFDD04225332DF00F3E3C3 /* GlobalVar.swift */; };
		4FEFDD0922537B2B00F3E3C3 /* TemperatureTableViewController.swift in Sources */ = {isa = PBXBuildFile; fileRef = 4FEFDD0822537B2B00F3E3C3 /* TemperatureTableViewController.swift */; };
		4FEFDD0B2253C37900F3E3C3 /* LengthTableViewController.swift in Sources */ = {isa = PBXBuildFile; fileRef = 4FEFDD0A2253C37900F3E3C3 /* LengthTableViewController.swift */; };
		4FEFDD0D2253C7CB00F3E3C3 /* SpeedTableViewController.swift in Sources */ = {isa = PBXBuildFile; fileRef = 4FEFDD0C2253C7CB00F3E3C3 /* SpeedTableViewController.swift */; };
		4FEFDD0F2253CEC300F3E3C3 /* VolumeTableViewController.swift in Sources */ = {isa = PBXBuildFile; fileRef = 4FEFDD0E2253CEC300F3E3C3 /* VolumeTableViewController.swift */; };
		4FEFDD172253D11200F3E3C3 /* KeyboardViewController.swift in Sources */ = {isa = PBXBuildFile; fileRef = 4FEFDD162253D11200F3E3C3 /* KeyboardViewController.swift */; };
		4FEFDD1B2253D11200F3E3C3 /* Keyboard.appex in Embed App Extensions */ = {isa = PBXBuildFile; fileRef = 4FEFDD142253D11200F3E3C3 /* Keyboard.appex */; settings = {ATTRIBUTES = (RemoveHeadersOnCopy, ); }; };
		4FEFDD212253D13F00F3E3C3 /* Storyboard.storyboard in Resources */ = {isa = PBXBuildFile; fileRef = 4FEFDD202253D13F00F3E3C3 /* Storyboard.storyboard */; };
/* End PBXBuildFile section */

/* Begin PBXContainerItemProxy section */
		4FEFDCE8224DDC7B00F3E3C3 /* PBXContainerItemProxy */ = {
			isa = PBXContainerItemProxy;
			containerPortal = 4FEFDCC9224DDC7900F3E3C3 /* Project object */;
			proxyType = 1;
			remoteGlobalIDString = 4FEFDCD0224DDC7900F3E3C3;
			remoteInfo = IOSApp;
		};
		4FEFDD192253D11200F3E3C3 /* PBXContainerItemProxy */ = {
			isa = PBXContainerItemProxy;
			containerPortal = 4FEFDCC9224DDC7900F3E3C3 /* Project object */;
			proxyType = 1;
			remoteGlobalIDString = 4FEFDD132253D11200F3E3C3;
			remoteInfo = Keyboard;
		};
/* End PBXContainerItemProxy section */

/* Begin PBXCopyFilesBuildPhase section */
		4FEFDD1F2253D11200F3E3C3 /* Embed App Extensions */ = {
			isa = PBXCopyFilesBuildPhase;
			buildActionMask = 2147483647;
			dstPath = "";
			dstSubfolderSpec = 13;
			files = (
				4FEFDD1B2253D11200F3E3C3 /* Keyboard.appex in Embed App Extensions */,
			);
			name = "Embed App Extensions";
			runOnlyForDeploymentPostprocessing = 0;
		};
/* End PBXCopyFilesBuildPhase section */

/* Begin PBXFileReference section */
		4FEFDCD1224DDC7900F3E3C3 /* IOSApp.app */ = {isa = PBXFileReference; explicitFileType = wrapper.application; includeInIndex = 0; path = IOSApp.app; sourceTree = BUILT_PRODUCTS_DIR; };
		4FEFDCD4224DDC7900F3E3C3 /* AppDelegate.swift */ = {isa = PBXFileReference; lastKnownFileType = sourcecode.swift; path = AppDelegate.swift; sourceTree = "<group>"; };
		4FEFDCD6224DDC7900F3E3C3 /* FirstViewController.swift */ = {isa = PBXFileReference; lastKnownFileType = sourcecode.swift; path = FirstViewController.swift; sourceTree = "<group>"; };
		4FEFDCD8224DDC7900F3E3C3 /* SecondViewController.swift */ = {isa = PBXFileReference; lastKnownFileType = sourcecode.swift; path = SecondViewController.swift; sourceTree = "<group>"; };
		4FEFDCDB224DDC7900F3E3C3 /* Base */ = {isa = PBXFileReference; lastKnownFileType = file.storyboard; name = Base; path = Base.lproj/Main.storyboard; sourceTree = "<group>"; };
		4FEFDCDD224DDC7B00F3E3C3 /* Assets.xcassets */ = {isa = PBXFileReference; lastKnownFileType = folder.assetcatalog; path = Assets.xcassets; sourceTree = "<group>"; };
		4FEFDCE0224DDC7B00F3E3C3 /* Base */ = {isa = PBXFileReference; lastKnownFileType = file.storyboard; name = Base; path = Base.lproj/LaunchScreen.storyboard; sourceTree = "<group>"; };
		4FEFDCE2224DDC7B00F3E3C3 /* Info.plist */ = {isa = PBXFileReference; lastKnownFileType = text.plist.xml; path = Info.plist; sourceTree = "<group>"; };
		4FEFDCE7224DDC7B00F3E3C3 /* IOSAppTests.xctest */ = {isa = PBXFileReference; explicitFileType = wrapper.cfbundle; includeInIndex = 0; path = IOSAppTests.xctest; sourceTree = BUILT_PRODUCTS_DIR; };
		4FEFDCEB224DDC7B00F3E3C3 /* IOSAppTests.swift */ = {isa = PBXFileReference; lastKnownFileType = sourcecode.swift; path = IOSAppTests.swift; sourceTree = "<group>"; };
		4FEFDCED224DDC7C00F3E3C3 /* Info.plist */ = {isa = PBXFileReference; lastKnownFileType = text.plist.xml; path = Info.plist; sourceTree = "<group>"; };
		4FEFDCF6224DECCC00F3E3C3 /* ThirdViewController.swift */ = {isa = PBXFileReference; lastKnownFileType = sourcecode.swift; path = ThirdViewController.swift; sourceTree = "<group>"; };
		4FEFDCF8224DF2DA00F3E3C3 /* FourthViewController.swift */ = {isa = PBXFileReference; lastKnownFileType = sourcecode.swift; path = FourthViewController.swift; sourceTree = "<group>"; };
		4FEFDCFA224DFB3000F3E3C3 /* FifthViewController.swift */ = {isa = PBXFileReference; lastKnownFileType = sourcecode.swift; path = FifthViewController.swift; sourceTree = "<group>"; };
		4FEFDCFC224E060400F3E3C3 /* SixthViewController.swift */ = {isa = PBXFileReference; lastKnownFileType = sourcecode.swift; path = SixthViewController.swift; sourceTree = "<group>"; };
		4FEFDD02224F0FCE00F3E3C3 /* FirstTableViewController.swift */ = {isa = PBXFileReference; lastKnownFileType = sourcecode.swift; path = FirstTableViewController.swift; sourceTree = "<group>"; };
		4FEFDD04225332DF00F3E3C3 /* GlobalVar.swift */ = {isa = PBXFileReference; lastKnownFileType = sourcecode.swift; path = GlobalVar.swift; sourceTree = "<group>"; };
		4FEFDD0822537B2B00F3E3C3 /* TemperatureTableViewController.swift */ = {isa = PBXFileReference; lastKnownFileType = sourcecode.swift; path = TemperatureTableViewController.swift; sourceTree = "<group>"; };
		4FEFDD0A2253C37900F3E3C3 /* LengthTableViewController.swift */ = {isa = PBXFileReference; lastKnownFileType = sourcecode.swift; path = LengthTableViewController.swift; sourceTree = "<group>"; };
		4FEFDD0C2253C7CB00F3E3C3 /* SpeedTableViewController.swift */ = {isa = PBXFileReference; lastKnownFileType = sourcecode.swift; path = SpeedTableViewController.swift; sourceTree = "<group>"; };
		4FEFDD0E2253CEC300F3E3C3 /* VolumeTableViewController.swift */ = {isa = PBXFileReference; lastKnownFileType = sourcecode.swift; path = VolumeTableViewController.swift; sourceTree = "<group>"; };
		4FEFDD142253D11200F3E3C3 /* Keyboard.appex */ = {isa = PBXFileReference; explicitFileType = "wrapper.app-extension"; includeInIndex = 0; path = Keyboard.appex; sourceTree = BUILT_PRODUCTS_DIR; };
		4FEFDD162253D11200F3E3C3 /* KeyboardViewController.swift */ = {isa = PBXFileReference; lastKnownFileType = sourcecode.swift; path = KeyboardViewController.swift; sourceTree = "<group>"; };
		4FEFDD182253D11200F3E3C3 /* Info.plist */ = {isa = PBXFileReference; lastKnownFileType = text.plist.xml; path = Info.plist; sourceTree = "<group>"; };
		4FEFDD202253D13F00F3E3C3 /* Storyboard.storyboard */ = {isa = PBXFileReference; lastKnownFileType = file.storyboard; path = Storyboard.storyboard; sourceTree = "<group>"; };
/* End PBXFileReference section */

/* Begin PBXFrameworksBuildPhase section */
		4FEFDCCE224DDC7900F3E3C3 /* Frameworks */ = {
			isa = PBXFrameworksBuildPhase;
			buildActionMask = 2147483647;
			files = (
			);
			runOnlyForDeploymentPostprocessing = 0;
		};
		4FEFDCE4224DDC7B00F3E3C3 /* Frameworks */ = {
			isa = PBXFrameworksBuildPhase;
			buildActionMask = 2147483647;
			files = (
			);
			runOnlyForDeploymentPostprocessing = 0;
		};
		4FEFDD112253D11200F3E3C3 /* Frameworks */ = {
			isa = PBXFrameworksBuildPhase;
			buildActionMask = 2147483647;
			files = (
			);
			runOnlyForDeploymentPostprocessing = 0;
		};
/* End PBXFrameworksBuildPhase section */

/* Begin PBXGroup section */
		4FEFDCC8224DDC7900F3E3C3 = {
			isa = PBXGroup;
			children = (
				4FEFDCD3224DDC7900F3E3C3 /* IOSApp */,
				4FEFDCEA224DDC7B00F3E3C3 /* IOSAppTests */,
				4FEFDD152253D11200F3E3C3 /* Keyboard */,
				4FEFDCD2224DDC7900F3E3C3 /* Products */,
			);
			sourceTree = "<group>";
		};
		4FEFDCD2224DDC7900F3E3C3 /* Products */ = {
			isa = PBXGroup;
			children = (
				4FEFDCD1224DDC7900F3E3C3 /* IOSApp.app */,
				4FEFDCE7224DDC7B00F3E3C3 /* IOSAppTests.xctest */,
				4FEFDD142253D11200F3E3C3 /* Keyboard.appex */,
			);
			name = Products;
			sourceTree = "<group>";
		};
		4FEFDCD3224DDC7900F3E3C3 /* IOSApp */ = {
			isa = PBXGroup;
			children = (
				4FEFDCD4224DDC7900F3E3C3 /* AppDelegate.swift */,
				4FEFDCD6224DDC7900F3E3C3 /* FirstViewController.swift */,
				4FEFDCD8224DDC7900F3E3C3 /* SecondViewController.swift */,
				4FEFDCDA224DDC7900F3E3C3 /* Main.storyboard */,
				4FEFDCDD224DDC7B00F3E3C3 /* Assets.xcassets */,
				4FEFDCDF224DDC7B00F3E3C3 /* LaunchScreen.storyboard */,
				4FEFDCE2224DDC7B00F3E3C3 /* Info.plist */,
				4FEFDCF6224DECCC00F3E3C3 /* ThirdViewController.swift */,
				4FEFDCF8224DF2DA00F3E3C3 /* FourthViewController.swift */,
				4FEFDCFA224DFB3000F3E3C3 /* FifthViewController.swift */,
				4FEFDCFC224E060400F3E3C3 /* SixthViewController.swift */,
				4FEFDD02224F0FCE00F3E3C3 /* FirstTableViewController.swift */,
				4FEFDD04225332DF00F3E3C3 /* GlobalVar.swift */,
				4FEFDD0822537B2B00F3E3C3 /* TemperatureTableViewController.swift */,
				4FEFDD0A2253C37900F3E3C3 /* LengthTableViewController.swift */,
				4FEFDD0C2253C7CB00F3E3C3 /* SpeedTableViewController.swift */,
				4FEFDD0E2253CEC300F3E3C3 /* VolumeTableViewController.swift */,
			);
			path = IOSApp;
			sourceTree = "<group>";
		};
		4FEFDCEA224DDC7B00F3E3C3 /* IOSAppTests */ = {
			isa = PBXGroup;
			children = (
				4FEFDCEB224DDC7B00F3E3C3 /* IOSAppTests.swift */,
				4FEFDCED224DDC7C00F3E3C3 /* Info.plist */,
			);
			path = IOSAppTests;
			sourceTree = "<group>";
		};
		4FEFDD152253D11200F3E3C3 /* Keyboard */ = {
			isa = PBXGroup;
			children = (
				4FEFDD162253D11200F3E3C3 /* KeyboardViewController.swift */,
				4FEFDD182253D11200F3E3C3 /* Info.plist */,
				4FEFDD202253D13F00F3E3C3 /* Storyboard.storyboard */,
			);
			path = Keyboard;
			sourceTree = "<group>";
		};
/* End PBXGroup section */

/* Begin PBXNativeTarget section */
		4FEFDCD0224DDC7900F3E3C3 /* IOSApp */ = {
			isa = PBXNativeTarget;
			buildConfigurationList = 4FEFDCF0224DDC7C00F3E3C3 /* Build configuration list for PBXNativeTarget "IOSApp" */;
			buildPhases = (
				4FEFDCCD224DDC7900F3E3C3 /* Sources */,
				4FEFDCCE224DDC7900F3E3C3 /* Frameworks */,
				4FEFDCCF224DDC7900F3E3C3 /* Resources */,
				4FEFDD1F2253D11200F3E3C3 /* Embed App Extensions */,
			);
			buildRules = (
			);
			dependencies = (
				4FEFDD1A2253D11200F3E3C3 /* PBXTargetDependency */,
			);
			name = IOSApp;
			productName = IOSApp;
			productReference = 4FEFDCD1224DDC7900F3E3C3 /* IOSApp.app */;
			productType = "com.apple.product-type.application";
		};
		4FEFDCE6224DDC7B00F3E3C3 /* IOSAppTests */ = {
			isa = PBXNativeTarget;
			buildConfigurationList = 4FEFDCF3224DDC7C00F3E3C3 /* Build configuration list for PBXNativeTarget "IOSAppTests" */;
			buildPhases = (
				4FEFDCE3224DDC7B00F3E3C3 /* Sources */,
				4FEFDCE4224DDC7B00F3E3C3 /* Frameworks */,
				4FEFDCE5224DDC7B00F3E3C3 /* Resources */,
			);
			buildRules = (
			);
			dependencies = (
				4FEFDCE9224DDC7B00F3E3C3 /* PBXTargetDependency */,
			);
			name = IOSAppTests;
			productName = IOSAppTests;
			productReference = 4FEFDCE7224DDC7B00F3E3C3 /* IOSAppTests.xctest */;
			productType = "com.apple.product-type.bundle.unit-test";
		};
		4FEFDD132253D11200F3E3C3 /* Keyboard */ = {
			isa = PBXNativeTarget;
			buildConfigurationList = 4FEFDD1C2253D11200F3E3C3 /* Build configuration list for PBXNativeTarget "Keyboard" */;
			buildPhases = (
				4FEFDD102253D11200F3E3C3 /* Sources */,
				4FEFDD112253D11200F3E3C3 /* Frameworks */,
				4FEFDD122253D11200F3E3C3 /* Resources */,
			);
			buildRules = (
			);
			dependencies = (
			);
			name = Keyboard;
			productName = Keyboard;
			productReference = 4FEFDD142253D11200F3E3C3 /* Keyboard.appex */;
			productType = "com.apple.product-type.app-extension";
		};
/* End PBXNativeTarget section */

/* Begin PBXProject section */
		4FEFDCC9224DDC7900F3E3C3 /* Project object */ = {
			isa = PBXProject;
			attributes = {
				LastSwiftUpdateCheck = 1010;
				LastUpgradeCheck = 1010;
				ORGANIZATIONNAME = PamodyaD;
				TargetAttributes = {
					4FEFDCD0224DDC7900F3E3C3 = {
						CreatedOnToolsVersion = 10.1;
					};
					4FEFDCE6224DDC7B00F3E3C3 = {
						CreatedOnToolsVersion = 10.1;
						TestTargetID = 4FEFDCD0224DDC7900F3E3C3;
					};
					4FEFDD132253D11200F3E3C3 = {
						CreatedOnToolsVersion = 10.1;
					};
				};
			};
			buildConfigurationList = 4FEFDCCC224DDC7900F3E3C3 /* Build configuration list for PBXProject "IOSApp" */;
			compatibilityVersion = "Xcode 9.3";
			developmentRegion = en;
			hasScannedForEncodings = 0;
			knownRegions = (
				en,
				Base,
			);
			mainGroup = 4FEFDCC8224DDC7900F3E3C3;
			productRefGroup = 4FEFDCD2224DDC7900F3E3C3 /* Products */;
			projectDirPath = "";
			projectRoot = "";
			targets = (
				4FEFDCD0224DDC7900F3E3C3 /* IOSApp */,
				4FEFDCE6224DDC7B00F3E3C3 /* IOSAppTests */,
				4FEFDD132253D11200F3E3C3 /* Keyboard */,
			);
		};
/* End PBXProject section */

/* Begin PBXResourcesBuildPhase section */
		4FEFDCCF224DDC7900F3E3C3 /* Resources */ = {
			isa = PBXResourcesBuildPhase;
			buildActionMask = 2147483647;
			files = (
				4FEFDCE1224DDC7B00F3E3C3 /* LaunchScreen.storyboard in Resources */,
				4FEFDCDE224DDC7B00F3E3C3 /* Assets.xcassets in Resources */,
				4FEFDCDC224DDC7900F3E3C3 /* Main.storyboard in Resources */,
			);
			runOnlyForDeploymentPostprocessing = 0;
		};
		4FEFDCE5224DDC7B00F3E3C3 /* Resources */ = {
			isa = PBXResourcesBuildPhase;
			buildActionMask = 2147483647;
			files = (
			);
			runOnlyForDeploymentPostprocessing = 0;
		};
		4FEFDD122253D11200F3E3C3 /* Resources */ = {
			isa = PBXResourcesBuildPhase;
			buildActionMask = 2147483647;
			files = (
				4FEFDD212253D13F00F3E3C3 /* Storyboard.storyboard in Resources */,
			);
			runOnlyForDeploymentPostprocessing = 0;
		};
/* End PBXResourcesBuildPhase section */

/* Begin PBXSourcesBuildPhase section */
		4FEFDCCD224DDC7900F3E3C3 /* Sources */ = {
			isa = PBXSourcesBuildPhase;
			buildActionMask = 2147483647;
			files = (
				4FEFDD05225332DF00F3E3C3 /* GlobalVar.swift in Sources */,
				4FEFDCFB224DFB3000F3E3C3 /* FifthViewController.swift in Sources */,
				4FEFDCFD224E060400F3E3C3 /* SixthViewController.swift in Sources */,
				4FEFDD03224F0FCE00F3E3C3 /* FirstTableViewController.swift in Sources */,
				4FEFDD0D2253C7CB00F3E3C3 /* SpeedTableViewController.swift in Sources */,
				4FEFDCD9224DDC7900F3E3C3 /* SecondViewController.swift in Sources */,
				4FEFDD0F2253CEC300F3E3C3 /* VolumeTableViewController.swift in Sources */,
				4FEFDCD5224DDC7900F3E3C3 /* AppDelegate.swift in Sources */,
				4FEFDCF7224DECCC00F3E3C3 /* ThirdViewController.swift in Sources */,
				4FEFDCD7224DDC7900F3E3C3 /* FirstViewController.swift in Sources */,
				4FEFDCF9224DF2DA00F3E3C3 /* FourthViewController.swift in Sources */,
				4FEFDD0922537B2B00F3E3C3 /* TemperatureTableViewController.swift in Sources */,
				4FEFDD0B2253C37900F3E3C3 /* LengthTableViewController.swift in Sources */,
			);
			runOnlyForDeploymentPostprocessing = 0;
		};
		4FEFDCE3224DDC7B00F3E3C3 /* Sources */ = {
			isa = PBXSourcesBuildPhase;
			buildActionMask = 2147483647;
			files = (
				4FEFDCEC224DDC7B00F3E3C3 /* IOSAppTests.swift in Sources */,
			);
			runOnlyForDeploymentPostprocessing = 0;
		};
		4FEFDD102253D11200F3E3C3 /* Sources */ = {
			isa = PBXSourcesBuildPhase;
			buildActionMask = 2147483647;
			files = (
				4FEFDD172253D11200F3E3C3 /* KeyboardViewController.swift in Sources */,
			);
			runOnlyForDeploymentPostprocessing = 0;
		};
/* End PBXSourcesBuildPhase section */

/* Begin PBXTargetDependency section */
		4FEFDCE9224DDC7B00F3E3C3 /* PBXTargetDependency */ = {
			isa = PBXTargetDependency;
			target = 4FEFDCD0224DDC7900F3E3C3 /* IOSApp */;
			targetProxy = 4FEFDCE8224DDC7B00F3E3C3 /* PBXContainerItemProxy */;
		};
		4FEFDD1A2253D11200F3E3C3 /* PBXTargetDependency */ = {
			isa = PBXTargetDependency;
			target = 4FEFDD132253D11200F3E3C3 /* Keyboard */;
			targetProxy = 4FEFDD192253D11200F3E3C3 /* PBXContainerItemProxy */;
		};
/* End PBXTargetDependency section */

/* Begin PBXVariantGroup section */
		4FEFDCDA224DDC7900F3E3C3 /* Main.storyboard */ = {
			isa = PBXVariantGroup;
			children = (
				4FEFDCDB224DDC7900F3E3C3 /* Base */,
			);
			name = Main.storyboard;
			sourceTree = "<group>";
		};
		4FEFDCDF224DDC7B00F3E3C3 /* LaunchScreen.storyboard */ = {
			isa = PBXVariantGroup;
			children = (
				4FEFDCE0224DDC7B00F3E3C3 /* Base */,
			);
			name = LaunchScreen.storyboard;
			sourceTree = "<group>";
		};
/* End PBXVariantGroup section */

/* Begin XCBuildConfiguration section */
		4FEFDCEE224DDC7C00F3E3C3 /* Debug */ = {
			isa = XCBuildConfiguration;
			buildSettings = {
				ALWAYS_SEARCH_USER_PATHS = NO;
				CLANG_ANALYZER_NONNULL = YES;
				CLANG_ANALYZER_NUMBER_OBJECT_CONVERSION = YES_AGGRESSIVE;
				CLANG_CXX_LANGUAGE_STANDARD = "gnu++14";
				CLANG_CXX_LIBRARY = "libc++";
				CLANG_ENABLE_MODULES = YES;
				CLANG_ENABLE_OBJC_ARC = YES;
				CLANG_ENABLE_OBJC_WEAK = YES;
				CLANG_WARN_BLOCK_CAPTURE_AUTORELEASING = YES;
				CLANG_WARN_BOOL_CONVERSION = YES;
				CLANG_WARN_COMMA = YES;
				CLANG_WARN_CONSTANT_CONVERSION = YES;
				CLANG_WARN_DEPRECATED_OBJC_IMPLEMENTATIONS = YES;
				CLANG_WARN_DIRECT_OBJC_ISA_USAGE = YES_ERROR;
				CLANG_WARN_DOCUMENTATION_COMMENTS = YES;
				CLANG_WARN_EMPTY_BODY = YES;
				CLANG_WARN_ENUM_CONVERSION = YES;
				CLANG_WARN_INFINITE_RECURSION = YES;
				CLANG_WARN_INT_CONVERSION = YES;
				CLANG_WARN_NON_LITERAL_NULL_CONVERSION = YES;
				CLANG_WARN_OBJC_IMPLICIT_RETAIN_SELF = YES;
				CLANG_WARN_OBJC_LITERAL_CONVERSION = YES;
				CLANG_WARN_OBJC_ROOT_CLASS = YES_ERROR;
				CLANG_WARN_RANGE_LOOP_ANALYSIS = YES;
				CLANG_WARN_STRICT_PROTOTYPES = YES;
				CLANG_WARN_SUSPICIOUS_MOVE = YES;
				CLANG_WARN_UNGUARDED_AVAILABILITY = YES_AGGRESSIVE;
				CLANG_WARN_UNREACHABLE_CODE = YES;
				CLANG_WARN__DUPLICATE_METHOD_MATCH = YES;
				CODE_SIGN_IDENTITY = "iPhone Developer";
				COPY_PHASE_STRIP = NO;
				DEBUG_INFORMATION_FORMAT = dwarf;
				ENABLE_STRICT_OBJC_MSGSEND = YES;
				ENABLE_TESTABILITY = YES;
				GCC_C_LANGUAGE_STANDARD = gnu11;
				GCC_DYNAMIC_NO_PIC = NO;
				GCC_NO_COMMON_BLOCKS = YES;
				GCC_OPTIMIZATION_LEVEL = 0;
				GCC_PREPROCESSOR_DEFINITIONS = (
					"DEBUG=1",
					"$(inherited)",
				);
				GCC_WARN_64_TO_32_BIT_CONVERSION = YES;
				GCC_WARN_ABOUT_RETURN_TYPE = YES_ERROR;
				GCC_WARN_UNDECLARED_SELECTOR = YES;
				GCC_WARN_UNINITIALIZED_AUTOS = YES_AGGRESSIVE;
				GCC_WARN_UNUSED_FUNCTION = YES;
				GCC_WARN_UNUSED_VARIABLE = YES;
				IPHONEOS_DEPLOYMENT_TARGET = 12.1;
				MTL_ENABLE_DEBUG_INFO = INCLUDE_SOURCE;
				MTL_FAST_MATH = YES;
				ONLY_ACTIVE_ARCH = YES;
				SDKROOT = iphoneos;
				SWIFT_ACTIVE_COMPILATION_CONDITIONS = DEBUG;
				SWIFT_OPTIMIZATION_LEVEL = "-Onone";
			};
			name = Debug;
		};
		4FEFDCEF224DDC7C00F3E3C3 /* Release */ = {
			isa = XCBuildConfiguration;
			buildSettings = {
				ALWAYS_SEARCH_USER_PATHS = NO;
				CLANG_ANALYZER_NONNULL = YES;
				CLANG_ANALYZER_NUMBER_OBJECT_CONVERSION = YES_AGGRESSIVE;
				CLANG_CXX_LANGUAGE_STANDARD = "gnu++14";
				CLANG_CXX_LIBRARY = "libc++";
				CLANG_ENABLE_MODULES = YES;
				CLANG_ENABLE_OBJC_ARC = YES;
				CLANG_ENABLE_OBJC_WEAK = YES;
				CLANG_WARN_BLOCK_CAPTURE_AUTORELEASING = YES;
				CLANG_WARN_BOOL_CONVERSION = YES;
				CLANG_WARN_COMMA = YES;
				CLANG_WARN_CONSTANT_CONVERSION = YES;
				CLANG_WARN_DEPRECATED_OBJC_IMPLEMENTATIONS = YES;
				CLANG_WARN_DIRECT_OBJC_ISA_USAGE = YES_ERROR;
				CLANG_WARN_DOCUMENTATION_COMMENTS = YES;
				CLANG_WARN_EMPTY_BODY = YES;
				CLANG_WARN_ENUM_CONVERSION = YES;
				CLANG_WARN_INFINITE_RECURSION = YES;
				CLANG_WARN_INT_CONVERSION = YES;
				CLANG_WARN_NON_LITERAL_NULL_CONVERSION = YES;
				CLANG_WARN_OBJC_IMPLICIT_RETAIN_SELF = YES;
				CLANG_WARN_OBJC_LITERAL_CONVERSION = YES;
				CLANG_WARN_OBJC_ROOT_CLASS = YES_ERROR;
				CLANG_WARN_RANGE_LOOP_ANALYSIS = YES;
				CLANG_WARN_STRICT_PROTOTYPES = YES;
				CLANG_WARN_SUSPICIOUS_MOVE = YES;
				CLANG_WARN_UNGUARDED_AVAILABILITY = YES_AGGRESSIVE;
				CLANG_WARN_UNREACHABLE_CODE = YES;
				CLANG_WARN__DUPLICATE_METHOD_MATCH = YES;
				CODE_SIGN_IDENTITY = "iPhone Developer";
				COPY_PHASE_STRIP = NO;
				DEBUG_INFORMATION_FORMAT = "dwarf-with-dsym";
				ENABLE_NS_ASSERTIONS = NO;
				ENABLE_STRICT_OBJC_MSGSEND = YES;
				GCC_C_LANGUAGE_STANDARD = gnu11;
				GCC_NO_COMMON_BLOCKS = YES;
				GCC_WARN_64_TO_32_BIT_CONVERSION = YES;
				GCC_WARN_ABOUT_RETURN_TYPE = YES_ERROR;
				GCC_WARN_UNDECLARED_SELECTOR = YES;
				GCC_WARN_UNINITIALIZED_AUTOS = YES_AGGRESSIVE;
				GCC_WARN_UNUSED_FUNCTION = YES;
				GCC_WARN_UNUSED_VARIABLE = YES;
				IPHONEOS_DEPLOYMENT_TARGET = 12.1;
				MTL_ENABLE_DEBUG_INFO = NO;
				MTL_FAST_MATH = YES;
				SDKROOT = iphoneos;
				SWIFT_COMPILATION_MODE = wholemodule;
				SWIFT_OPTIMIZATION_LEVEL = "-O";
				VALIDATE_PRODUCT = YES;
			};
			name = Release;
		};
		4FEFDCF1224DDC7C00F3E3C3 /* Debug */ = {
			isa = XCBuildConfiguration;
			buildSettings = {
				ALWAYS_EMBED_SWIFT_STANDARD_LIBRARIES = YES;
				ASSETCATALOG_COMPILER_APPICON_NAME = AppIcon;
				CODE_SIGN_IDENTITY = "iPhone Developer";
				CODE_SIGN_STYLE = Automatic;
				DEVELOPMENT_TEAM = "";
				INFOPLIST_FILE = IOSApp/Info.plist;
				LD_RUNPATH_SEARCH_PATHS = (
					"$(inherited)",
					"@executable_path/Frameworks",
				);
				PRODUCT_BUNDLE_IDENTIFIER = com.pamodyaD.IOSApp;
				PRODUCT_NAME = "$(TARGET_NAME)";
				PROVISIONING_PROFILE_SPECIFIER = "";
				SWIFT_VERSION = 4.2;
				TARGETED_DEVICE_FAMILY = "1,2";
			};
			name = Debug;
		};
		4FEFDCF2224DDC7C00F3E3C3 /* Release */ = {
			isa = XCBuildConfiguration;
			buildSettings = {
				ALWAYS_EMBED_SWIFT_STANDARD_LIBRARIES = YES;
				ASSETCATALOG_COMPILER_APPICON_NAME = AppIcon;
				CODE_SIGN_IDENTITY = "iPhone Developer";
				CODE_SIGN_STYLE = Automatic;
				DEVELOPMENT_TEAM = "";
				INFOPLIST_FILE = IOSApp/Info.plist;
				LD_RUNPATH_SEARCH_PATHS = (
					"$(inherited)",
					"@executable_path/Frameworks",
				);
				PRODUCT_BUNDLE_IDENTIFIER = com.pamodyaD.IOSApp;
				PRODUCT_NAME = "$(TARGET_NAME)";
				PROVISIONING_PROFILE_SPECIFIER = "";
				SWIFT_VERSION = 4.2;
				TARGETED_DEVICE_FAMILY = "1,2";
			};
			name = Release;
		};
		4FEFDCF4224DDC7C00F3E3C3 /* Debug */ = {
			isa = XCBuildConfiguration;
			buildSettings = {
				ALWAYS_EMBED_SWIFT_STANDARD_LIBRARIES = YES;
				BUNDLE_LOADER = "$(TEST_HOST)";
				CODE_SIGN_STYLE = Automatic;
				INFOPLIST_FILE = IOSAppTests/Info.plist;
				LD_RUNPATH_SEARCH_PATHS = (
					"$(inherited)",
					"@executable_path/Frameworks",
					"@loader_path/Frameworks",
				);
				PRODUCT_BUNDLE_IDENTIFIER = com.pamodyaD.IOSAppTests;
				PRODUCT_NAME = "$(TARGET_NAME)";
				SWIFT_VERSION = 4.2;
				TARGETED_DEVICE_FAMILY = "1,2";
				TEST_HOST = "$(BUILT_PRODUCTS_DIR)/IOSApp.app/IOSApp";
			};
			name = Debug;
		};
		4FEFDCF5224DDC7C00F3E3C3 /* Release */ = {
			isa = XCBuildConfiguration;
			buildSettings = {
				ALWAYS_EMBED_SWIFT_STANDARD_LIBRARIES = YES;
				BUNDLE_LOADER = "$(TEST_HOST)";
				CODE_SIGN_STYLE = Automatic;
				INFOPLIST_FILE = IOSAppTests/Info.plist;
				LD_RUNPATH_SEARCH_PATHS = (
					"$(inherited)",
					"@executable_path/Frameworks",
					"@loader_path/Frameworks",
				);
				PRODUCT_BUNDLE_IDENTIFIER = com.pamodyaD.IOSAppTests;
				PRODUCT_NAME = "$(TARGET_NAME)";
				SWIFT_VERSION = 4.2;
				TARGETED_DEVICE_FAMILY = "1,2";
				TEST_HOST = "$(BUILT_PRODUCTS_DIR)/IOSApp.app/IOSApp";
			};
			name = Release;
		};
		4FEFDD1D2253D11200F3E3C3 /* Debug */ = {
			isa = XCBuildConfiguration;
			buildSettings = {
				CODE_SIGN_IDENTITY = "iPhone Developer";
				CODE_SIGN_STYLE = Automatic;
				DEVELOPMENT_TEAM = "";
				INFOPLIST_FILE = Keyboard/Info.plist;
				LD_RUNPATH_SEARCH_PATHS = (
					"$(inherited)",
					"@executable_path/Frameworks",
					"@executable_path/../../Frameworks",
				);
				PRODUCT_BUNDLE_IDENTIFIER = com.pamodyaD.IOSApp.Keyboard;
				PRODUCT_NAME = "$(TARGET_NAME)";
				SKIP_INSTALL = YES;
				SWIFT_VERSION = 4.2;
				TARGETED_DEVICE_FAMILY = "1,2";
			};
			name = Debug;
		};
		4FEFDD1E2253D11200F3E3C3 /* Release */ = {
			isa = XCBuildConfiguration;
			buildSettings = {
				CODE_SIGN_IDENTITY = "iPhone Developer";
				CODE_SIGN_STYLE = Automatic;
				DEVELOPMENT_TEAM = "";
				INFOPLIST_FILE = Keyboard/Info.plist;
				LD_RUNPATH_SEARCH_PATHS = (
					"$(inherited)",
					"@executable_path/Frameworks",
					"@executable_path/../../Frameworks",
				);
				PRODUCT_BUNDLE_IDENTIFIER = com.pamodyaD.IOSApp.Keyboard;
				PRODUCT_NAME = "$(TARGET_NAME)";
				SKIP_INSTALL = YES;
				SWIFT_VERSION = 4.2;
				TARGETED_DEVICE_FAMILY = "1,2";
			};
			name = Release;
		};
/* End XCBuildConfiguration section */

/* Begin XCConfigurationList section */
		4FEFDCCC224DDC7900F3E3C3 /* Build configuration list for PBXProject "IOSApp" */ = {
			isa = XCConfigurationList;
			buildConfigurations = (
				4FEFDCEE224DDC7C00F3E3C3 /* Debug */,
				4FEFDCEF224DDC7C00F3E3C3 /* Release */,
			);
			defaultConfigurationIsVisible = 0;
			defaultConfigurationName = Release;
		};
		4FEFDCF0224DDC7C00F3E3C3 /* Build configuration list for PBXNativeTarget "IOSApp" */ = {
			isa = XCConfigurationList;
			buildConfigurations = (
				4FEFDCF1224DDC7C00F3E3C3 /* Debug */,
				4FEFDCF2224DDC7C00F3E3C3 /* Release */,
			);
			defaultConfigurationIsVisible = 0;
			defaultConfigurationName = Release;
		};
		4FEFDCF3224DDC7C00F3E3C3 /* Build configuration list for PBXNativeTarget "IOSAppTests" */ = {
			isa = XCConfigurationList;
			buildConfigurations = (
				4FEFDCF4224DDC7C00F3E3C3 /* Debug */,
				4FEFDCF5224DDC7C00F3E3C3 /* Release */,
			);
			defaultConfigurationIsVisible = 0;
			defaultConfigurationName = Release;
		};
		4FEFDD1C2253D11200F3E3C3 /* Build configuration list for PBXNativeTarget "Keyboard" */ = {
			isa = XCConfigurationList;
			buildConfigurations = (
				4FEFDD1D2253D11200F3E3C3 /* Debug */,
				4FEFDD1E2253D11200F3E3C3 /* Release */,
			);
			defaultConfigurationIsVisible = 0;
			defaultConfigurationName = Release;
		};
/* End XCConfigurationList section */
	};
	rootObject = 4FEFDCC9224DDC7900F3E3C3 /* Project object */;
}
